
Microsoft Visual Studio Solution File, Format Version 12.00
# Visual Studio Version 16
VisualStudioVersion = 16.0.29209.62
MinimumVisualStudioVersion = 10.0.40219.1
Project("{9A19103F-16F7-4668-BE54-9A1E7A4F7556}") = "GuiTestSample", "GuiTestSample\GuiTestSample.csproj", "{9CFEB6AA-824A-40EE-81F0-331BEAB8BFE5}"
EndProject
Project("{9A19103F-16F7-4668-BE54-9A1E7A4F7556}") = "WpfCore", "WpfCore\WpfCore.csproj", "{83BE0CDB-5B71-4E55-A777-CDC5B1E2D218}"
EndProject
Global
	GlobalSection(SolutionConfigurationPlatforms) = preSolution
		Debug|Any CPU = Debug|Any CPU
		Release|Any CPU = Release|Any CPU
	EndGlobalSection
	GlobalSection(ProjectConfigurationPlatforms) = postSolution
		{9CFEB6AA-824A-40EE-81F0-331BEAB8BFE5}.Debug|Any CPU.ActiveCfg = Debug|Any CPU
		{9CFEB6AA-824A-40EE-81F0-331BEAB8BFE5}.Debug|Any CPU.Build.0 = Debug|Any CPU
		{9CFEB6AA-824A-40EE-81F0-331BEAB8BFE5}.Release|Any CPU.ActiveCfg = Release|Any CPU
		{9CFEB6AA-824A-40EE-81F0-331BEAB8BFE5}.Release|Any CPU.Build.0 = Release|Any CPU
		{83BE0CDB-5B71-4E55-A777-CDC5B1E2D218}.Debug|Any CPU.ActiveCfg = Debug|Any CPU
		{83BE0CDB-5B71-4E55-A777-CDC5B1E2D218}.Debug|Any CPU.Build.0 = Debug|Any CPU
		{83BE0CDB-5B71-4E55-A777-CDC5B1E2D218}.Release|Any CPU.ActiveCfg = Release|Any CPU
		{83BE0CDB-5B71-4E55-A777-CDC5B1E2D218}.Release|Any CPU.Build.0 = Release|Any CPU
	EndGlobalSection
	GlobalSection(SolutionProperties) = preSolution
		HideSolutionNode = FALSE
	EndGlobalSection
	GlobalSection(ExtensibilityGlobals) = postSolution
		SolutionGuid = {C25EA4CE-958C-40D6-ADEB-EED093A62505}
	EndGlobalSection
EndGlobal
