
Microsoft Visual Studio Solution File, Format Version 12.00
# Visual Studio Version 16
VisualStudioVersion = 16.0.29209.62
MinimumVisualStudioVersion = 10.0.40219.1
Project("{FAE04EC0-301F-11D3-BF4B-00C04F79EFBC}") = "guiWapper1", "guiWapper1\guiWapper1.csproj", "{5E9323DA-AC74-4539-8D0D-1758AA303019}"
EndProject
Global
	GlobalSection(SolutionConfigurationPlatforms) = preSolution
		Debug|Any CPU = Debug|Any CPU
		Release|Any CPU = Release|Any CPU
	EndGlobalSection
	GlobalSection(ProjectConfigurationPlatforms) = postSolution
		{5E9323DA-AC74-4539-8D0D-1758AA303019}.Debug|Any CPU.ActiveCfg = Debug|Any CPU
		{5E9323DA-AC74-4539-8D0D-1758AA303019}.Debug|Any CPU.Build.0 = Debug|Any CPU
		{5E9323DA-AC74-4539-8D0D-1758AA303019}.Release|Any CPU.ActiveCfg = Release|Any CPU
		{5E9323DA-AC74-4539-8D0D-1758AA303019}.Release|Any CPU.Build.0 = Release|Any CPU
	EndGlobalSection
	GlobalSection(SolutionProperties) = preSolution
		HideSolutionNode = FALSE
	EndGlobalSection
	GlobalSection(ExtensibilityGlobals) = postSolution
		SolutionGuid = {C25EA4CE-958C-40D6-ADEB-EED093A62505}
	EndGlobalSection
EndGlobal
